
Microsoft Visual Studio Solution File, Format Version 12.00
# Visual Studio 15
VisualStudioVersion = 15.0.28010.2041
MinimumVisualStudioVersion = 10.0.40219.1
Project("{FAE04EC0-301F-11D3-BF4B-00C04F79EFBC}") = "UnitTestingdemo.MyProject", "UnitTestingdemo\UnitTestingdemo.MyProject.csproj", "{CE5FD7B0-F30C-4987-AF35-AED354E0D96B}"
EndProject
Project("{FAE04EC0-301F-11D3-BF4B-00C04F79EFBC}") = "UnitTestdemo.MyProject.Tests", "UnitTestdemo.MyProject.Tests\UnitTestdemo.MyProject.Tests.csproj", "{9CDC08A7-3683-4A08-9E5A-25930F6949C5}"
EndProject
Global
	GlobalSection(SolutionConfigurationPlatforms) = preSolution
		Debug|Any CPU = Debug|Any CPU
		Release|Any CPU = Release|Any CPU
	EndGlobalSection
	GlobalSection(ProjectConfigurationPlatforms) = postSolution
		{CE5FD7B0-F30C-4987-AF35-AED354E0D96B}.Debug|Any CPU.ActiveCfg = Debug|Any CPU
		{CE5FD7B0-F30C-4987-AF35-AED354E0D96B}.Debug|Any CPU.Build.0 = Debug|Any CPU
		{CE5FD7B0-F30C-4987-AF35-AED354E0D96B}.Release|Any CPU.ActiveCfg = Release|Any CPU
		{CE5FD7B0-F30C-4987-AF35-AED354E0D96B}.Release|Any CPU.Build.0 = Release|Any CPU
		{9CDC08A7-3683-4A08-9E5A-25930F6949C5}.Debug|Any CPU.ActiveCfg = Debug|Any CPU
		{9CDC08A7-3683-4A08-9E5A-25930F6949C5}.Debug|Any CPU.Build.0 = Debug|Any CPU
		{9CDC08A7-3683-4A08-9E5A-25930F6949C5}.Release|Any CPU.ActiveCfg = Release|Any CPU
		{9CDC08A7-3683-4A08-9E5A-25930F6949C5}.Release|Any CPU.Build.0 = Release|Any CPU
	EndGlobalSection
	GlobalSection(SolutionProperties) = preSolution
		HideSolutionNode = FALSE
	EndGlobalSection
	GlobalSection(ExtensibilityGlobals) = postSolution
		SolutionGuid = {2014A7CE-CFCF-41CB-969F-184524B80CC4}
	EndGlobalSection
EndGlobal
